
Microsoft Visual Studio Solution File, Format Version 12.00
# Visual Studio Version 17
VisualStudioVersion = 17.10.35013.160
MinimumVisualStudioVersion = 10.0.40219.1
Project("{9A19103F-16F7-4668-BE54-9A1E7A4F7556}") = "Tenders.Api", "src\Tenders.Api\Tenders.Api.csproj", "{B99485E4-154C-4442-94D2-1BA2FBC2F3DC}"
EndProject
Project("{9A19103F-16F7-4668-BE54-9A1E7A4F7556}") = "Tenders.Api.Contracts", "src\Tenders.Api.Contracts\Tenders.Api.Contracts.csproj", "{3AC3D687-A232-48BD-BEF0-9D6C15C40646}"
EndProject
Project("{9A19103F-16F7-4668-BE54-9A1E7A4F7556}") = "Tenders.Api.Application", "src\Tenders.Api.Application\Tenders.Api.Application.csproj", "{022AB0B0-4D70-41E9-9FCE-2E4DCF85B382}"
EndProject
Project("{9A19103F-16F7-4668-BE54-9A1E7A4F7556}") = "Tenders.Api.IntegrationTests", "src\Tenders.Api.IntegrationTests\Tenders.Api.IntegrationTests.csproj", "{B3899695-DFC5-44D7-AABC-A50BBC6B8CC3}"
EndProject
Global
	GlobalSection(SolutionConfigurationPlatforms) = preSolution
		Debug|Any CPU = Debug|Any CPU
		Release|Any CPU = Release|Any CPU
	EndGlobalSection
	GlobalSection(ProjectConfigurationPlatforms) = postSolution
		{B99485E4-154C-4442-94D2-1BA2FBC2F3DC}.Debug|Any CPU.ActiveCfg = Debug|Any CPU
		{B99485E4-154C-4442-94D2-1BA2FBC2F3DC}.Debug|Any CPU.Build.0 = Debug|Any CPU
		{B99485E4-154C-4442-94D2-1BA2FBC2F3DC}.Release|Any CPU.ActiveCfg = Release|Any CPU
		{B99485E4-154C-4442-94D2-1BA2FBC2F3DC}.Release|Any CPU.Build.0 = Release|Any CPU
		{3AC3D687-A232-48BD-BEF0-9D6C15C40646}.Debug|Any CPU.ActiveCfg = Debug|Any CPU
		{3AC3D687-A232-48BD-BEF0-9D6C15C40646}.Debug|Any CPU.Build.0 = Debug|Any CPU
		{3AC3D687-A232-48BD-BEF0-9D6C15C40646}.Release|Any CPU.ActiveCfg = Release|Any CPU
		{3AC3D687-A232-48BD-BEF0-9D6C15C40646}.Release|Any CPU.Build.0 = Release|Any CPU
		{022AB0B0-4D70-41E9-9FCE-2E4DCF85B382}.Debug|Any CPU.ActiveCfg = Debug|Any CPU
		{022AB0B0-4D70-41E9-9FCE-2E4DCF85B382}.Debug|Any CPU.Build.0 = Debug|Any CPU
		{022AB0B0-4D70-41E9-9FCE-2E4DCF85B382}.Release|Any CPU.ActiveCfg = Release|Any CPU
		{022AB0B0-4D70-41E9-9FCE-2E4DCF85B382}.Release|Any CPU.Build.0 = Release|Any CPU
		{B3899695-DFC5-44D7-AABC-A50BBC6B8CC3}.Debug|Any CPU.ActiveCfg = Debug|Any CPU
		{B3899695-DFC5-44D7-AABC-A50BBC6B8CC3}.Debug|Any CPU.Build.0 = Debug|Any CPU
		{B3899695-DFC5-44D7-AABC-A50BBC6B8CC3}.Release|Any CPU.ActiveCfg = Release|Any CPU
		{B3899695-DFC5-44D7-AABC-A50BBC6B8CC3}.Release|Any CPU.Build.0 = Release|Any CPU
	EndGlobalSection
	GlobalSection(SolutionProperties) = preSolution
		HideSolutionNode = FALSE
	EndGlobalSection
	GlobalSection(ExtensibilityGlobals) = postSolution
		SolutionGuid = {6DFB1E08-5D54-416A-B3BD-06A9647AC3EB}
	EndGlobalSection
EndGlobal
